// !$*UTF8*$!
{
	archiveVersion = 1;
	classes = {
	};
	objectVersion = 50;
	objects = {

/* Begin PBXBuildFile section */
		F70D081723DF2B88003B14ED /* MoviesListAPIDataManager.swift in Sources */ = {isa = PBXBuildFile; fileRef = F70D081623DF2B88003B14ED /* MoviesListAPIDataManager.swift */; };
		F70D081923DF2BB4003B14ED /* MoviesListLocalDataManager.swift in Sources */ = {isa = PBXBuildFile; fileRef = F70D081823DF2BB4003B14ED /* MoviesListLocalDataManager.swift */; };
		F70D081B23DF2BD6003B14ED /* MoviesListProtocols.swift in Sources */ = {isa = PBXBuildFile; fileRef = F70D081A23DF2BD6003B14ED /* MoviesListProtocols.swift */; };
		F70D081D23DF2C0B003B14ED /* MoviesListWireFrame.swift in Sources */ = {isa = PBXBuildFile; fileRef = F70D081C23DF2C0B003B14ED /* MoviesListWireFrame.swift */; };
		F70D081F23DF2C3B003B14ED /* TMDBResponse.swift in Sources */ = {isa = PBXBuildFile; fileRef = F70D081E23DF2C3B003B14ED /* TMDBResponse.swift */; };
		F70D082123DF2C57003B14ED /* Movie.swift in Sources */ = {isa = PBXBuildFile; fileRef = F70D082023DF2C57003B14ED /* Movie.swift */; };
		F70D082323DF2C73003B14ED /* MovieResults.swift in Sources */ = {isa = PBXBuildFile; fileRef = F70D082223DF2C73003B14ED /* MovieResults.swift */; };
		F70D082523DF2C99003B14ED /* MoviesListPresenter.swift in Sources */ = {isa = PBXBuildFile; fileRef = F70D082423DF2C99003B14ED /* MoviesListPresenter.swift */; };
		F70D082723DF2CC6003B14ED /* MoviesListInteractor.swift in Sources */ = {isa = PBXBuildFile; fileRef = F70D082623DF2CC6003B14ED /* MoviesListInteractor.swift */; };
		F70D082923DF2D1C003B14ED /* MoviesListViewController.swift in Sources */ = {isa = PBXBuildFile; fileRef = F70D082823DF2D1C003B14ED /* MoviesListViewController.swift */; };
		F70D082B23DF3232003B14ED /* MovieTableViewCell.swift in Sources */ = {isa = PBXBuildFile; fileRef = F70D082A23DF3232003B14ED /* MovieTableViewCell.swift */; };
		F74CAE5523DF29BC003A63D2 /* AppDelegate.swift in Sources */ = {isa = PBXBuildFile; fileRef = F74CAE5423DF29BC003A63D2 /* AppDelegate.swift */; };
		F74CAE5723DF29BC003A63D2 /* SceneDelegate.swift in Sources */ = {isa = PBXBuildFile; fileRef = F74CAE5623DF29BC003A63D2 /* SceneDelegate.swift */; };
		F74CAE5C23DF29BC003A63D2 /* Main.storyboard in Resources */ = {isa = PBXBuildFile; fileRef = F74CAE5A23DF29BC003A63D2 /* Main.storyboard */; };
		F74CAE5F23DF29BC003A63D2 /* TopRated.xcdatamodeld in Sources */ = {isa = PBXBuildFile; fileRef = F74CAE5D23DF29BC003A63D2 /* TopRated.xcdatamodeld */; };
		F74CAE6123DF29BE003A63D2 /* Assets.xcassets in Resources */ = {isa = PBXBuildFile; fileRef = F74CAE6023DF29BE003A63D2 /* Assets.xcassets */; };
		F74CAE6423DF29BE003A63D2 /* LaunchScreen.storyboard in Resources */ = {isa = PBXBuildFile; fileRef = F74CAE6223DF29BE003A63D2 /* LaunchScreen.storyboard */; };
		F74CAE6F23DF29BE003A63D2 /* TopRatedTests.swift in Sources */ = {isa = PBXBuildFile; fileRef = F74CAE6E23DF29BE003A63D2 /* TopRatedTests.swift */; };
/* End PBXBuildFile section */

/* Begin PBXContainerItemProxy section */
		F74CAE6B23DF29BE003A63D2 /* PBXContainerItemProxy */ = {
			isa = PBXContainerItemProxy;
			containerPortal = F74CAE4923DF29BC003A63D2 /* Project object */;
			proxyType = 1;
			remoteGlobalIDString = F74CAE5023DF29BC003A63D2;
			remoteInfo = TopRated;
		};
/* End PBXContainerItemProxy section */

/* Begin PBXFileReference section */
		F70D081623DF2B88003B14ED /* MoviesListAPIDataManager.swift */ = {isa = PBXFileReference; lastKnownFileType = sourcecode.swift; path = MoviesListAPIDataManager.swift; sourceTree = "<group>"; };
		F70D081823DF2BB4003B14ED /* MoviesListLocalDataManager.swift */ = {isa = PBXFileReference; lastKnownFileType = sourcecode.swift; path = MoviesListLocalDataManager.swift; sourceTree = "<group>"; };
		F70D081A23DF2BD6003B14ED /* MoviesListProtocols.swift */ = {isa = PBXFileReference; lastKnownFileType = sourcecode.swift; path = MoviesListProtocols.swift; sourceTree = "<group>"; };
		F70D081C23DF2C0B003B14ED /* MoviesListWireFrame.swift */ = {isa = PBXFileReference; lastKnownFileType = sourcecode.swift; path = MoviesListWireFrame.swift; sourceTree = "<group>"; };
		F70D081E23DF2C3B003B14ED /* TMDBResponse.swift */ = {isa = PBXFileReference; lastKnownFileType = sourcecode.swift; path = TMDBResponse.swift; sourceTree = "<group>"; };
		F70D082023DF2C57003B14ED /* Movie.swift */ = {isa = PBXFileReference; lastKnownFileType = sourcecode.swift; path = Movie.swift; sourceTree = "<group>"; };
		F70D082223DF2C73003B14ED /* MovieResults.swift */ = {isa = PBXFileReference; lastKnownFileType = sourcecode.swift; path = MovieResults.swift; sourceTree = "<group>"; };
		F70D082423DF2C99003B14ED /* MoviesListPresenter.swift */ = {isa = PBXFileReference; lastKnownFileType = sourcecode.swift; path = MoviesListPresenter.swift; sourceTree = "<group>"; };
		F70D082623DF2CC6003B14ED /* MoviesListInteractor.swift */ = {isa = PBXFileReference; lastKnownFileType = sourcecode.swift; path = MoviesListInteractor.swift; sourceTree = "<group>"; };
		F70D082823DF2D1C003B14ED /* MoviesListViewController.swift */ = {isa = PBXFileReference; lastKnownFileType = sourcecode.swift; path = MoviesListViewController.swift; sourceTree = "<group>"; };
		F70D082A23DF3232003B14ED /* MovieTableViewCell.swift */ = {isa = PBXFileReference; lastKnownFileType = sourcecode.swift; path = MovieTableViewCell.swift; sourceTree = "<group>"; };
		F74CAE5123DF29BC003A63D2 /* TopRated.app */ = {isa = PBXFileReference; explicitFileType = wrapper.application; includeInIndex = 0; path = TopRated.app; sourceTree = BUILT_PRODUCTS_DIR; };
		F74CAE5423DF29BC003A63D2 /* AppDelegate.swift */ = {isa = PBXFileReference; lastKnownFileType = sourcecode.swift; path = AppDelegate.swift; sourceTree = "<group>"; };
		F74CAE5623DF29BC003A63D2 /* SceneDelegate.swift */ = {isa = PBXFileReference; lastKnownFileType = sourcecode.swift; path = SceneDelegate.swift; sourceTree = "<group>"; };
		F74CAE5B23DF29BC003A63D2 /* Base */ = {isa = PBXFileReference; lastKnownFileType = file.storyboard; name = Base; path = Base.lproj/Main.storyboard; sourceTree = "<group>"; };
		F74CAE5E23DF29BC003A63D2 /* TopRated.xcdatamodel */ = {isa = PBXFileReference; lastKnownFileType = wrapper.xcdatamodel; path = TopRated.xcdatamodel; sourceTree = "<group>"; };
		F74CAE6023DF29BE003A63D2 /* Assets.xcassets */ = {isa = PBXFileReference; lastKnownFileType = folder.assetcatalog; path = Assets.xcassets; sourceTree = "<group>"; };
		F74CAE6323DF29BE003A63D2 /* Base */ = {isa = PBXFileReference; lastKnownFileType = file.storyboard; name = Base; path = Base.lproj/LaunchScreen.storyboard; sourceTree = "<group>"; };
		F74CAE6523DF29BE003A63D2 /* Info.plist */ = {isa = PBXFileReference; lastKnownFileType = text.plist.xml; path = Info.plist; sourceTree = "<group>"; };
		F74CAE6A23DF29BE003A63D2 /* TopRatedTests.xctest */ = {isa = PBXFileReference; explicitFileType = wrapper.cfbundle; includeInIndex = 0; path = TopRatedTests.xctest; sourceTree = BUILT_PRODUCTS_DIR; };
		F74CAE6E23DF29BE003A63D2 /* TopRatedTests.swift */ = {isa = PBXFileReference; lastKnownFileType = sourcecode.swift; path = TopRatedTests.swift; sourceTree = "<group>"; };
		F74CAE7023DF29BE003A63D2 /* Info.plist */ = {isa = PBXFileReference; lastKnownFileType = text.plist.xml; path = Info.plist; sourceTree = "<group>"; };
/* End PBXFileReference section */

/* Begin PBXFrameworksBuildPhase section */
		F74CAE4E23DF29BC003A63D2 /* Frameworks */ = {
			isa = PBXFrameworksBuildPhase;
			buildActionMask = 2147483647;
			files = (
			);
			runOnlyForDeploymentPostprocessing = 0;
		};
		F74CAE6723DF29BE003A63D2 /* Frameworks */ = {
			isa = PBXFrameworksBuildPhase;
			buildActionMask = 2147483647;
			files = (
			);
			runOnlyForDeploymentPostprocessing = 0;
		};
/* End PBXFrameworksBuildPhase section */

/* Begin PBXGroup section */
		F70D080C23DF2AB1003B14ED /* MoviesList */ = {
			isa = PBXGroup;
			children = (
				F70D081323DF2B1B003B14ED /* DataManager */,
				F70D081223DF2AF9003B14ED /* Protocols */,
				F70D081123DF2AF0003B14ED /* WireFrame */,
				F70D081023DF2AE9003B14ED /* Entities */,
				F70D080F23DF2AE1003B14ED /* Presenter */,
				F70D080E23DF2AD3003B14ED /* Interactor */,
				F70D080D23DF2AC7003B14ED /* View */,
			);
			path = MoviesList;
			sourceTree = "<group>";
		};
		F70D080D23DF2AC7003B14ED /* View */ = {
			isa = PBXGroup;
			children = (
				F74CAE5A23DF29BC003A63D2 /* Main.storyboard */,
				F70D082823DF2D1C003B14ED /* MoviesListViewController.swift */,
				F70D082A23DF3232003B14ED /* MovieTableViewCell.swift */,
			);
			path = View;
			sourceTree = "<group>";
		};
		F70D080E23DF2AD3003B14ED /* Interactor */ = {
			isa = PBXGroup;
			children = (
				F70D082623DF2CC6003B14ED /* MoviesListInteractor.swift */,
			);
			path = Interactor;
			sourceTree = "<group>";
		};
		F70D080F23DF2AE1003B14ED /* Presenter */ = {
			isa = PBXGroup;
			children = (
				F70D082423DF2C99003B14ED /* MoviesListPresenter.swift */,
			);
			path = Presenter;
			sourceTree = "<group>";
		};
		F70D081023DF2AE9003B14ED /* Entities */ = {
			isa = PBXGroup;
			children = (
				F70D081E23DF2C3B003B14ED /* TMDBResponse.swift */,
				F70D082023DF2C57003B14ED /* Movie.swift */,
				F70D082223DF2C73003B14ED /* MovieResults.swift */,
			);
			path = Entities;
			sourceTree = "<group>";
		};
		F70D081123DF2AF0003B14ED /* WireFrame */ = {
			isa = PBXGroup;
			children = (
				F70D081C23DF2C0B003B14ED /* MoviesListWireFrame.swift */,
			);
			path = WireFrame;
			sourceTree = "<group>";
		};
		F70D081223DF2AF9003B14ED /* Protocols */ = {
			isa = PBXGroup;
			children = (
				F70D081A23DF2BD6003B14ED /* MoviesListProtocols.swift */,
			);
			path = Protocols;
			sourceTree = "<group>";
		};
		F70D081323DF2B1B003B14ED /* DataManager */ = {
			isa = PBXGroup;
			children = (
				F70D081523DF2B28003B14ED /* API */,
				F70D081423DF2B23003B14ED /* Local */,
			);
			path = DataManager;
			sourceTree = "<group>";
		};
		F70D081423DF2B23003B14ED /* Local */ = {
			isa = PBXGroup;
			children = (
				F70D081823DF2BB4003B14ED /* MoviesListLocalDataManager.swift */,
			);
			path = Local;
			sourceTree = "<group>";
		};
		F70D081523DF2B28003B14ED /* API */ = {
			isa = PBXGroup;
			children = (
				F70D081623DF2B88003B14ED /* MoviesListAPIDataManager.swift */,
			);
			path = API;
			sourceTree = "<group>";
		};
		F74CAE4823DF29BC003A63D2 = {
			isa = PBXGroup;
			children = (
				F74CAE5323DF29BC003A63D2 /* TopRated */,
				F74CAE6D23DF29BE003A63D2 /* TopRatedTests */,
				F74CAE5223DF29BC003A63D2 /* Products */,
			);
			sourceTree = "<group>";
		};
		F74CAE5223DF29BC003A63D2 /* Products */ = {
			isa = PBXGroup;
			children = (
				F74CAE5123DF29BC003A63D2 /* TopRated.app */,
				F74CAE6A23DF29BE003A63D2 /* TopRatedTests.xctest */,
			);
			name = Products;
			sourceTree = "<group>";
		};
		F74CAE5323DF29BC003A63D2 /* TopRated */ = {
			isa = PBXGroup;
			children = (
				F70D080C23DF2AB1003B14ED /* MoviesList */,
				F74CAE5423DF29BC003A63D2 /* AppDelegate.swift */,
				F74CAE5623DF29BC003A63D2 /* SceneDelegate.swift */,
				F74CAE6023DF29BE003A63D2 /* Assets.xcassets */,
				F74CAE6223DF29BE003A63D2 /* LaunchScreen.storyboard */,
				F74CAE6523DF29BE003A63D2 /* Info.plist */,
				F74CAE5D23DF29BC003A63D2 /* TopRated.xcdatamodeld */,
			);
			path = TopRated;
			sourceTree = "<group>";
		};
		F74CAE6D23DF29BE003A63D2 /* TopRatedTests */ = {
			isa = PBXGroup;
			children = (
				F74CAE6E23DF29BE003A63D2 /* TopRatedTests.swift */,
				F74CAE7023DF29BE003A63D2 /* Info.plist */,
			);
			path = TopRatedTests;
			sourceTree = "<group>";
		};
/* End PBXGroup section */

/* Begin PBXNativeTarget section */
		F74CAE5023DF29BC003A63D2 /* TopRated */ = {
			isa = PBXNativeTarget;
			buildConfigurationList = F74CAE7323DF29BE003A63D2 /* Build configuration list for PBXNativeTarget "TopRated" */;
			buildPhases = (
				F74CAE4D23DF29BC003A63D2 /* Sources */,
				F74CAE4E23DF29BC003A63D2 /* Frameworks */,
				F74CAE4F23DF29BC003A63D2 /* Resources */,
			);
			buildRules = (
			);
			dependencies = (
			);
			name = TopRated;
			productName = TopRated;
			productReference = F74CAE5123DF29BC003A63D2 /* TopRated.app */;
			productType = "com.apple.product-type.application";
		};
		F74CAE6923DF29BE003A63D2 /* TopRatedTests */ = {
			isa = PBXNativeTarget;
			buildConfigurationList = F74CAE7623DF29BE003A63D2 /* Build configuration list for PBXNativeTarget "TopRatedTests" */;
			buildPhases = (
				F74CAE6623DF29BE003A63D2 /* Sources */,
				F74CAE6723DF29BE003A63D2 /* Frameworks */,
				F74CAE6823DF29BE003A63D2 /* Resources */,
			);
			buildRules = (
			);
			dependencies = (
				F74CAE6C23DF29BE003A63D2 /* PBXTargetDependency */,
			);
			name = TopRatedTests;
			productName = TopRatedTests;
			productReference = F74CAE6A23DF29BE003A63D2 /* TopRatedTests.xctest */;
			productType = "com.apple.product-type.bundle.unit-test";
		};
/* End PBXNativeTarget section */

/* Begin PBXProject section */
		F74CAE4923DF29BC003A63D2 /* Project object */ = {
			isa = PBXProject;
			attributes = {
				LastSwiftUpdateCheck = 1100;
				LastUpgradeCheck = 1100;
				ORGANIZATIONNAME = "José Antonio Arellano Mendoza";
				TargetAttributes = {
					F74CAE5023DF29BC003A63D2 = {
						CreatedOnToolsVersion = 11.0;
					};
					F74CAE6923DF29BE003A63D2 = {
						CreatedOnToolsVersion = 11.0;
						TestTargetID = F74CAE5023DF29BC003A63D2;
					};
				};
			};
			buildConfigurationList = F74CAE4C23DF29BC003A63D2 /* Build configuration list for PBXProject "TopRated" */;
			compatibilityVersion = "Xcode 9.3";
			developmentRegion = en;
			hasScannedForEncodings = 0;
			knownRegions = (
				en,
				Base,
			);
			mainGroup = F74CAE4823DF29BC003A63D2;
			productRefGroup = F74CAE5223DF29BC003A63D2 /* Products */;
			projectDirPath = "";
			projectRoot = "";
			targets = (
				F74CAE5023DF29BC003A63D2 /* TopRated */,
				F74CAE6923DF29BE003A63D2 /* TopRatedTests */,
			);
		};
/* End PBXProject section */

/* Begin PBXResourcesBuildPhase section */
		F74CAE4F23DF29BC003A63D2 /* Resources */ = {
			isa = PBXResourcesBuildPhase;
			buildActionMask = 2147483647;
			files = (
				F74CAE6423DF29BE003A63D2 /* LaunchScreen.storyboard in Resources */,
				F74CAE6123DF29BE003A63D2 /* Assets.xcassets in Resources */,
				F74CAE5C23DF29BC003A63D2 /* Main.storyboard in Resources */,
			);
			runOnlyForDeploymentPostprocessing = 0;
		};
		F74CAE6823DF29BE003A63D2 /* Resources */ = {
			isa = PBXResourcesBuildPhase;
			buildActionMask = 2147483647;
			files = (
			);
			runOnlyForDeploymentPostprocessing = 0;
		};
/* End PBXResourcesBuildPhase section */

/* Begin PBXSourcesBuildPhase section */
		F74CAE4D23DF29BC003A63D2 /* Sources */ = {
			isa = PBXSourcesBuildPhase;
			buildActionMask = 2147483647;
			files = (
				F70D082323DF2C73003B14ED /* MovieResults.swift in Sources */,
				F74CAE5F23DF29BC003A63D2 /* TopRated.xcdatamodeld in Sources */,
				F70D082B23DF3232003B14ED /* MovieTableViewCell.swift in Sources */,
				F70D081F23DF2C3B003B14ED /* TMDBResponse.swift in Sources */,
				F70D082723DF2CC6003B14ED /* MoviesListInteractor.swift in Sources */,
				F70D081923DF2BB4003B14ED /* MoviesListLocalDataManager.swift in Sources */,
				F70D082123DF2C57003B14ED /* Movie.swift in Sources */,
				F70D082923DF2D1C003B14ED /* MoviesListViewController.swift in Sources */,
				F70D081723DF2B88003B14ED /* MoviesListAPIDataManager.swift in Sources */,
				F74CAE5523DF29BC003A63D2 /* AppDelegate.swift in Sources */,
				F70D081D23DF2C0B003B14ED /* MoviesListWireFrame.swift in Sources */,
				F74CAE5723DF29BC003A63D2 /* SceneDelegate.swift in Sources */,
				F70D081B23DF2BD6003B14ED /* MoviesListProtocols.swift in Sources */,
				F70D082523DF2C99003B14ED /* MoviesListPresenter.swift in Sources */,
			);
			runOnlyForDeploymentPostprocessing = 0;
		};
		F74CAE6623DF29BE003A63D2 /* Sources */ = {
			isa = PBXSourcesBuildPhase;
			buildActionMask = 2147483647;
			files = (
				F74CAE6F23DF29BE003A63D2 /* TopRatedTests.swift in Sources */,
			);
			runOnlyForDeploymentPostprocessing = 0;
		};
/* End PBXSourcesBuildPhase section */

/* Begin PBXTargetDependency section */
		F74CAE6C23DF29BE003A63D2 /* PBXTargetDependency */ = {
			isa = PBXTargetDependency;
			target = F74CAE5023DF29BC003A63D2 /* TopRated */;
			targetProxy = F74CAE6B23DF29BE003A63D2 /* PBXContainerItemProxy */;
		};
/* End PBXTargetDependency section */

/* Begin PBXVariantGroup section */
		F74CAE5A23DF29BC003A63D2 /* Main.storyboard */ = {
			isa = PBXVariantGroup;
			children = (
				F74CAE5B23DF29BC003A63D2 /* Base */,
			);
			name = Main.storyboard;
			sourceTree = "<group>";
		};
		F74CAE6223DF29BE003A63D2 /* LaunchScreen.storyboard */ = {
			isa = PBXVariantGroup;
			children = (
				F74CAE6323DF29BE003A63D2 /* Base */,
			);
			name = LaunchScreen.storyboard;
			sourceTree = "<group>";
		};
/* End PBXVariantGroup section */

/* Begin XCBuildConfiguration section */
		F74CAE7123DF29BE003A63D2 /* Debug */ = {
			isa = XCBuildConfiguration;
			buildSettings = {
				ALWAYS_SEARCH_USER_PATHS = NO;
				CLANG_ANALYZER_NONNULL = YES;
				CLANG_ANALYZER_NUMBER_OBJECT_CONVERSION = YES_AGGRESSIVE;
				CLANG_CXX_LANGUAGE_STANDARD = "gnu++14";
				CLANG_CXX_LIBRARY = "libc++";
				CLANG_ENABLE_MODULES = YES;
				CLANG_ENABLE_OBJC_ARC = YES;
				CLANG_ENABLE_OBJC_WEAK = YES;
				CLANG_WARN_BLOCK_CAPTURE_AUTORELEASING = YES;
				CLANG_WARN_BOOL_CONVERSION = YES;
				CLANG_WARN_COMMA = YES;
				CLANG_WARN_CONSTANT_CONVERSION = YES;
				CLANG_WARN_DEPRECATED_OBJC_IMPLEMENTATIONS = YES;
				CLANG_WARN_DIRECT_OBJC_ISA_USAGE = YES_ERROR;
				CLANG_WARN_DOCUMENTATION_COMMENTS = YES;
				CLANG_WARN_EMPTY_BODY = YES;
				CLANG_WARN_ENUM_CONVERSION = YES;
				CLANG_WARN_INFINITE_RECURSION = YES;
				CLANG_WARN_INT_CONVERSION = YES;
				CLANG_WARN_NON_LITERAL_NULL_CONVERSION = YES;
				CLANG_WARN_OBJC_IMPLICIT_RETAIN_SELF = YES;
				CLANG_WARN_OBJC_LITERAL_CONVERSION = YES;
				CLANG_WARN_OBJC_ROOT_CLASS = YES_ERROR;
				CLANG_WARN_RANGE_LOOP_ANALYSIS = YES;
				CLANG_WARN_STRICT_PROTOTYPES = YES;
				CLANG_WARN_SUSPICIOUS_MOVE = YES;
				CLANG_WARN_UNGUARDED_AVAILABILITY = YES_AGGRESSIVE;
				CLANG_WARN_UNREACHABLE_CODE = YES;
				CLANG_WARN__DUPLICATE_METHOD_MATCH = YES;
				COPY_PHASE_STRIP = NO;
				DEBUG_INFORMATION_FORMAT = dwarf;
				ENABLE_STRICT_OBJC_MSGSEND = YES;
				ENABLE_TESTABILITY = YES;
				GCC_C_LANGUAGE_STANDARD = gnu11;
				GCC_DYNAMIC_NO_PIC = NO;
				GCC_NO_COMMON_BLOCKS = YES;
				GCC_OPTIMIZATION_LEVEL = 0;
				GCC_PREPROCESSOR_DEFINITIONS = (
					"DEBUG=1",
					"$(inherited)",
				);
				GCC_WARN_64_TO_32_BIT_CONVERSION = YES;
				GCC_WARN_ABOUT_RETURN_TYPE = YES_ERROR;
				GCC_WARN_UNDECLARED_SELECTOR = YES;
				GCC_WARN_UNINITIALIZED_AUTOS = YES_AGGRESSIVE;
				GCC_WARN_UNUSED_FUNCTION = YES;
				GCC_WARN_UNUSED_VARIABLE = YES;
				IPHONEOS_DEPLOYMENT_TARGET = 13.0;
				MTL_ENABLE_DEBUG_INFO = INCLUDE_SOURCE;
				MTL_FAST_MATH = YES;
				ONLY_ACTIVE_ARCH = YES;
				SDKROOT = iphoneos;
				SWIFT_ACTIVE_COMPILATION_CONDITIONS = DEBUG;
				SWIFT_OPTIMIZATION_LEVEL = "-Onone";
			};
			name = Debug;
		};
		F74CAE7223DF29BE003A63D2 /* Release */ = {
			isa = XCBuildConfiguration;
			buildSettings = {
				ALWAYS_SEARCH_USER_PATHS = NO;
				CLANG_ANALYZER_NONNULL = YES;
				CLANG_ANALYZER_NUMBER_OBJECT_CONVERSION = YES_AGGRESSIVE;
				CLANG_CXX_LANGUAGE_STANDARD = "gnu++14";
				CLANG_CXX_LIBRARY = "libc++";
				CLANG_ENABLE_MODULES = YES;
				CLANG_ENABLE_OBJC_ARC = YES;
				CLANG_ENABLE_OBJC_WEAK = YES;
				CLANG_WARN_BLOCK_CAPTURE_AUTORELEASING = YES;
				CLANG_WARN_BOOL_CONVERSION = YES;
				CLANG_WARN_COMMA = YES;
				CLANG_WARN_CONSTANT_CONVERSION = YES;
				CLANG_WARN_DEPRECATED_OBJC_IMPLEMENTATIONS = YES;
				CLANG_WARN_DIRECT_OBJC_ISA_USAGE = YES_ERROR;
				CLANG_WARN_DOCUMENTATION_COMMENTS = YES;
				CLANG_WARN_EMPTY_BODY = YES;
				CLANG_WARN_ENUM_CONVERSION = YES;
				CLANG_WARN_INFINITE_RECURSION = YES;
				CLANG_WARN_INT_CONVERSION = YES;
				CLANG_WARN_NON_LITERAL_NULL_CONVERSION = YES;
				CLANG_WARN_OBJC_IMPLICIT_RETAIN_SELF = YES;
				CLANG_WARN_OBJC_LITERAL_CONVERSION = YES;
				CLANG_WARN_OBJC_ROOT_CLASS = YES_ERROR;
				CLANG_WARN_RANGE_LOOP_ANALYSIS = YES;
				CLANG_WARN_STRICT_PROTOTYPES = YES;
				CLANG_WARN_SUSPICIOUS_MOVE = YES;
				CLANG_WARN_UNGUARDED_AVAILABILITY = YES_AGGRESSIVE;
				CLANG_WARN_UNREACHABLE_CODE = YES;
				CLANG_WARN__DUPLICATE_METHOD_MATCH = YES;
				COPY_PHASE_STRIP = NO;
				DEBUG_INFORMATION_FORMAT = "dwarf-with-dsym";
				ENABLE_NS_ASSERTIONS = NO;
				ENABLE_STRICT_OBJC_MSGSEND = YES;
				GCC_C_LANGUAGE_STANDARD = gnu11;
				GCC_NO_COMMON_BLOCKS = YES;
				GCC_WARN_64_TO_32_BIT_CONVERSION = YES;
				GCC_WARN_ABOUT_RETURN_TYPE = YES_ERROR;
				GCC_WARN_UNDECLARED_SELECTOR = YES;
				GCC_WARN_UNINITIALIZED_AUTOS = YES_AGGRESSIVE;
				GCC_WARN_UNUSED_FUNCTION = YES;
				GCC_WARN_UNUSED_VARIABLE = YES;
				IPHONEOS_DEPLOYMENT_TARGET = 13.0;
				MTL_ENABLE_DEBUG_INFO = NO;
				MTL_FAST_MATH = YES;
				SDKROOT = iphoneos;
				SWIFT_COMPILATION_MODE = wholemodule;
				SWIFT_OPTIMIZATION_LEVEL = "-O";
				VALIDATE_PRODUCT = YES;
			};
			name = Release;
		};
		F74CAE7423DF29BE003A63D2 /* Debug */ = {
			isa = XCBuildConfiguration;
			buildSettings = {
				ASSETCATALOG_COMPILER_APPICON_NAME = AppIcon;
				CODE_SIGN_STYLE = Automatic;
				DEVELOPMENT_TEAM = LA858T59PP;
				INFOPLIST_FILE = TopRated/Info.plist;
				LD_RUNPATH_SEARCH_PATHS = (
					"$(inherited)",
					"@executable_path/Frameworks",
				);
				PRODUCT_BUNDLE_IDENTIFIER = com.antonioarellano.TopRated;
				PRODUCT_NAME = "$(TARGET_NAME)";
				SWIFT_VERSION = 5.0;
				TARGETED_DEVICE_FAMILY = "1,2";
			};
			name = Debug;
		};
		F74CAE7523DF29BE003A63D2 /* Release */ = {
			isa = XCBuildConfiguration;
			buildSettings = {
				ASSETCATALOG_COMPILER_APPICON_NAME = AppIcon;
				CODE_SIGN_STYLE = Automatic;
				DEVELOPMENT_TEAM = LA858T59PP;
				INFOPLIST_FILE = TopRated/Info.plist;
				LD_RUNPATH_SEARCH_PATHS = (
					"$(inherited)",
					"@executable_path/Frameworks",
				);
				PRODUCT_BUNDLE_IDENTIFIER = com.antonioarellano.TopRated;
				PRODUCT_NAME = "$(TARGET_NAME)";
				SWIFT_VERSION = 5.0;
				TARGETED_DEVICE_FAMILY = "1,2";
			};
			name = Release;
		};
		F74CAE7723DF29BE003A63D2 /* Debug */ = {
			isa = XCBuildConfiguration;
			buildSettings = {
				ALWAYS_EMBED_SWIFT_STANDARD_LIBRARIES = YES;
				BUNDLE_LOADER = "$(TEST_HOST)";
				CODE_SIGN_STYLE = Automatic;
				DEVELOPMENT_TEAM = LA858T59PP;
				INFOPLIST_FILE = TopRatedTests/Info.plist;
				IPHONEOS_DEPLOYMENT_TARGET = 13.0;
				LD_RUNPATH_SEARCH_PATHS = (
					"$(inherited)",
					"@executable_path/Frameworks",
					"@loader_path/Frameworks",
				);
				PRODUCT_BUNDLE_IDENTIFIER = com.antonioarellano.TopRatedTests;
				PRODUCT_NAME = "$(TARGET_NAME)";
				SWIFT_VERSION = 5.0;
				TARGETED_DEVICE_FAMILY = "1,2";
				TEST_HOST = "$(BUILT_PRODUCTS_DIR)/TopRated.app/TopRated";
			};
			name = Debug;
		};
		F74CAE7823DF29BE003A63D2 /* Release */ = {
			isa = XCBuildConfiguration;
			buildSettings = {
				ALWAYS_EMBED_SWIFT_STANDARD_LIBRARIES = YES;
				BUNDLE_LOADER = "$(TEST_HOST)";
				CODE_SIGN_STYLE = Automatic;
				DEVELOPMENT_TEAM = LA858T59PP;
				INFOPLIST_FILE = TopRatedTests/Info.plist;
				IPHONEOS_DEPLOYMENT_TARGET = 13.0;
				LD_RUNPATH_SEARCH_PATHS = (
					"$(inherited)",
					"@executable_path/Frameworks",
					"@loader_path/Frameworks",
				);
				PRODUCT_BUNDLE_IDENTIFIER = com.antonioarellano.TopRatedTests;
				PRODUCT_NAME = "$(TARGET_NAME)";
				SWIFT_VERSION = 5.0;
				TARGETED_DEVICE_FAMILY = "1,2";
				TEST_HOST = "$(BUILT_PRODUCTS_DIR)/TopRated.app/TopRated";
			};
			name = Release;
		};
/* End XCBuildConfiguration section */

/* Begin XCConfigurationList section */
		F74CAE4C23DF29BC003A63D2 /* Build configuration list for PBXProject "TopRated" */ = {
			isa = XCConfigurationList;
			buildConfigurations = (
				F74CAE7123DF29BE003A63D2 /* Debug */,
				F74CAE7223DF29BE003A63D2 /* Release */,
			);
			defaultConfigurationIsVisible = 0;
			defaultConfigurationName = Release;
		};
		F74CAE7323DF29BE003A63D2 /* Build configuration list for PBXNativeTarget "TopRated" */ = {
			isa = XCConfigurationList;
			buildConfigurations = (
				F74CAE7423DF29BE003A63D2 /* Debug */,
				F74CAE7523DF29BE003A63D2 /* Release */,
			);
			defaultConfigurationIsVisible = 0;
			defaultConfigurationName = Release;
		};
		F74CAE7623DF29BE003A63D2 /* Build configuration list for PBXNativeTarget "TopRatedTests" */ = {
			isa = XCConfigurationList;
			buildConfigurations = (
				F74CAE7723DF29BE003A63D2 /* Debug */,
				F74CAE7823DF29BE003A63D2 /* Release */,
			);
			defaultConfigurationIsVisible = 0;
			defaultConfigurationName = Release;
		};
/* End XCConfigurationList section */

/* Begin XCVersionGroup section */
		F74CAE5D23DF29BC003A63D2 /* TopRated.xcdatamodeld */ = {
			isa = XCVersionGroup;
			children = (
				F74CAE5E23DF29BC003A63D2 /* TopRated.xcdatamodel */,
			);
			currentVersion = F74CAE5E23DF29BC003A63D2 /* TopRated.xcdatamodel */;
			path = TopRated.xcdatamodeld;
			sourceTree = "<group>";
			versionGroupType = wrapper.xcdatamodel;
		};
/* End XCVersionGroup section */
	};
	rootObject = F74CAE4923DF29BC003A63D2 /* Project object */;
}
